{
  "name": "newcomer-project-sample",
  "lockfileVersion": 2,
  "requires": true,
  "packages": {
    "": {
      "dependencies": {
        "vue-confirm-dialog": "^1.1.0"
      }
    },
    "node_modules/vue": {
      "version": "2.6.14",
      "resolved": "https://registry.npmjs.org/vue/-/vue-2.6.14.tgz",
      "integrity": "sha512-x2284lgYvjOMj3Za7kqzRcUSxBboHqtgRE2zlos1qWaOye5yUmHn42LB1250NJBLRwEcdrB0JRwyPTEPhfQjiQ==",
      "peer": true
    },
    "node_modules/vue-confirm-dialog": {
      "version": "1.1.0",
      "resolved": "https://registry.npmjs.org/vue-confirm-dialog/-/vue-confirm-dialog-1.1.0.tgz",
      "integrity": "sha512-Mp+41h9Y3LMSv9Vjb0WaWJ4wumj0VSe93cyNT7wLus+o4/5HnMC8EIDlDDMtAElaVqhFtQj2LRdquaBEcbBtJQ==",
      "peerDependencies": {
        "vue": "^2.6.10"
      }
    }
  },
  "dependencies": {
    "vue": {
      "version": "2.6.14",
      "resolved": "https://registry.npmjs.org/vue/-/vue-2.6.14.tgz",
      "integrity": "sha512-x2284lgYvjOMj3Za7kqzRcUSxBboHqtgRE2zlos1qWaOye5yUmHn42LB1250NJBLRwEcdrB0JRwyPTEPhfQjiQ==",
      "peer": true
    },
    "vue-confirm-dialog": {
      "version": "1.1.0",
      "resolved": "https://registry.npmjs.org/vue-confirm-dialog/-/vue-confirm-dialog-1.1.0.tgz",
      "integrity": "sha512-Mp+41h9Y3LMSv9Vjb0WaWJ4wumj0VSe93cyNT7wLus+o4/5HnMC8EIDlDDMtAElaVqhFtQj2LRdquaBEcbBtJQ==",
      "requires": {}
    }
  }
}
